
Microsoft Visual Studio Solution File, Format Version 12.00
# Visual Studio Version 17
VisualStudioVersion = 17.0.32112.339
MinimumVisualStudioVersion = 10.0.40219.1
Project("{2150E333-8FDC-42A3-9474-1A3956D46DE8}") = "UserManagement", "UserManagement", "{0F9A1C9F-DA6B-4B26-B2B4-0147A7530ED6}"
EndProject
Project("{2150E333-8FDC-42A3-9474-1A3956D46DE8}") = "UserMessage", "UserMessage", "{6E98F085-D662-4598-887F-055A6A94CE5B}"
EndProject
Project("{FAE04EC0-301F-11D3-BF4B-00C04F79EFBC}") = "UI", "UI\UI.csproj", "{61CF8126-55E5-4779-B67E-D21D6C1717AE}"
EndProject
Project("{FAE04EC0-301F-11D3-BF4B-00C04F79EFBC}") = "UserManagement.Core", "UserManagement.Core\UserManagement.Core.csproj", "{89A6466E-ACA4-4C20-9055-FB04EEDC2C7F}"
EndProject
Project("{FAE04EC0-301F-11D3-BF4B-00C04F79EFBC}") = "UserManagement.Infrastructure", "UserManagement.Infrastructure\UserManagement.Infrastructure.csproj", "{F71872A2-A498-47A6-9BA2-F7502943CF07}"
EndProject
Project("{FAE04EC0-301F-11D3-BF4B-00C04F79EFBC}") = "UserManagement.Application", "UserManagement.Application\UserManagement.Application.csproj", "{EDABA5DF-402B-4676-9887-23B144C7B5F6}"
EndProject
Project("{FAE04EC0-301F-11D3-BF4B-00C04F79EFBC}") = "UserMessage.Core", "UserMessageAnalytics.Core\UserMessage.Core.csproj", "{1E866470-6FB4-4686-A7EB-4C7DC5EE7F63}"
EndProject
Project("{FAE04EC0-301F-11D3-BF4B-00C04F79EFBC}") = "UserMessage.Infrastructure", "UserMessageAnalytics.Infrastructure\UserMessage.Infrastructure.csproj", "{719E4F42-4077-4F39-BEBB-DC3CFCF71938}"
EndProject
Project("{FAE04EC0-301F-11D3-BF4B-00C04F79EFBC}") = "UserMessage.Application", "UserMessageAnalytics.Application\UserMessage.Application.csproj", "{F19951C1-4B25-4349-96E1-89F0F9347739}"
EndProject
Project("{FAE04EC0-301F-11D3-BF4B-00C04F79EFBC}") = "UserMessage.API", "UserMessageAnalytics.API\UserMessage.API.csproj", "{8C5F68A8-11DC-4FD3-9030-C56234ACC5E6}"
EndProject
Project("{FAE04EC0-301F-11D3-BF4B-00C04F79EFBC}") = "UserManagement.API", "UserManagement.API\UserManagement.API.csproj", "{10D3795C-B0C2-4E02-8D84-D1CAEFCC3DC1}"
EndProject
Global
	GlobalSection(SolutionConfigurationPlatforms) = preSolution
		Debug|Any CPU = Debug|Any CPU
		Release|Any CPU = Release|Any CPU
	EndGlobalSection
	GlobalSection(ProjectConfigurationPlatforms) = postSolution
		{61CF8126-55E5-4779-B67E-D21D6C1717AE}.Debug|Any CPU.ActiveCfg = Debug|Any CPU
		{61CF8126-55E5-4779-B67E-D21D6C1717AE}.Debug|Any CPU.Build.0 = Debug|Any CPU
		{61CF8126-55E5-4779-B67E-D21D6C1717AE}.Release|Any CPU.ActiveCfg = Release|Any CPU
		{61CF8126-55E5-4779-B67E-D21D6C1717AE}.Release|Any CPU.Build.0 = Release|Any CPU
		{89A6466E-ACA4-4C20-9055-FB04EEDC2C7F}.Debug|Any CPU.ActiveCfg = Debug|Any CPU
		{89A6466E-ACA4-4C20-9055-FB04EEDC2C7F}.Debug|Any CPU.Build.0 = Debug|Any CPU
		{89A6466E-ACA4-4C20-9055-FB04EEDC2C7F}.Release|Any CPU.ActiveCfg = Release|Any CPU
		{89A6466E-ACA4-4C20-9055-FB04EEDC2C7F}.Release|Any CPU.Build.0 = Release|Any CPU
		{F71872A2-A498-47A6-9BA2-F7502943CF07}.Debug|Any CPU.ActiveCfg = Debug|Any CPU
		{F71872A2-A498-47A6-9BA2-F7502943CF07}.Debug|Any CPU.Build.0 = Debug|Any CPU
		{F71872A2-A498-47A6-9BA2-F7502943CF07}.Release|Any CPU.ActiveCfg = Release|Any CPU
		{F71872A2-A498-47A6-9BA2-F7502943CF07}.Release|Any CPU.Build.0 = Release|Any CPU
		{EDABA5DF-402B-4676-9887-23B144C7B5F6}.Debug|Any CPU.ActiveCfg = Debug|Any CPU
		{EDABA5DF-402B-4676-9887-23B144C7B5F6}.Debug|Any CPU.Build.0 = Debug|Any CPU
		{EDABA5DF-402B-4676-9887-23B144C7B5F6}.Release|Any CPU.ActiveCfg = Release|Any CPU
		{EDABA5DF-402B-4676-9887-23B144C7B5F6}.Release|Any CPU.Build.0 = Release|Any CPU
		{1E866470-6FB4-4686-A7EB-4C7DC5EE7F63}.Debug|Any CPU.ActiveCfg = Debug|Any CPU
		{1E866470-6FB4-4686-A7EB-4C7DC5EE7F63}.Debug|Any CPU.Build.0 = Debug|Any CPU
		{1E866470-6FB4-4686-A7EB-4C7DC5EE7F63}.Release|Any CPU.ActiveCfg = Release|Any CPU
		{1E866470-6FB4-4686-A7EB-4C7DC5EE7F63}.Release|Any CPU.Build.0 = Release|Any CPU
		{719E4F42-4077-4F39-BEBB-DC3CFCF71938}.Debug|Any CPU.ActiveCfg = Debug|Any CPU
		{719E4F42-4077-4F39-BEBB-DC3CFCF71938}.Debug|Any CPU.Build.0 = Debug|Any CPU
		{719E4F42-4077-4F39-BEBB-DC3CFCF71938}.Release|Any CPU.ActiveCfg = Release|Any CPU
		{719E4F42-4077-4F39-BEBB-DC3CFCF71938}.Release|Any CPU.Build.0 = Release|Any CPU
		{F19951C1-4B25-4349-96E1-89F0F9347739}.Debug|Any CPU.ActiveCfg = Debug|Any CPU
		{F19951C1-4B25-4349-96E1-89F0F9347739}.Debug|Any CPU.Build.0 = Debug|Any CPU
		{F19951C1-4B25-4349-96E1-89F0F9347739}.Release|Any CPU.ActiveCfg = Release|Any CPU
		{F19951C1-4B25-4349-96E1-89F0F9347739}.Release|Any CPU.Build.0 = Release|Any CPU
		{8C5F68A8-11DC-4FD3-9030-C56234ACC5E6}.Debug|Any CPU.ActiveCfg = Debug|Any CPU
		{8C5F68A8-11DC-4FD3-9030-C56234ACC5E6}.Debug|Any CPU.Build.0 = Debug|Any CPU
		{8C5F68A8-11DC-4FD3-9030-C56234ACC5E6}.Release|Any CPU.ActiveCfg = Release|Any CPU
		{8C5F68A8-11DC-4FD3-9030-C56234ACC5E6}.Release|Any CPU.Build.0 = Release|Any CPU
		{10D3795C-B0C2-4E02-8D84-D1CAEFCC3DC1}.Debug|Any CPU.ActiveCfg = Debug|Any CPU
		{10D3795C-B0C2-4E02-8D84-D1CAEFCC3DC1}.Debug|Any CPU.Build.0 = Debug|Any CPU
		{10D3795C-B0C2-4E02-8D84-D1CAEFCC3DC1}.Release|Any CPU.ActiveCfg = Release|Any CPU
		{10D3795C-B0C2-4E02-8D84-D1CAEFCC3DC1}.Release|Any CPU.Build.0 = Release|Any CPU
	EndGlobalSection
	GlobalSection(SolutionProperties) = preSolution
		HideSolutionNode = FALSE
	EndGlobalSection
	GlobalSection(NestedProjects) = preSolution
		{89A6466E-ACA4-4C20-9055-FB04EEDC2C7F} = {0F9A1C9F-DA6B-4B26-B2B4-0147A7530ED6}
		{F71872A2-A498-47A6-9BA2-F7502943CF07} = {0F9A1C9F-DA6B-4B26-B2B4-0147A7530ED6}
		{EDABA5DF-402B-4676-9887-23B144C7B5F6} = {0F9A1C9F-DA6B-4B26-B2B4-0147A7530ED6}
		{1E866470-6FB4-4686-A7EB-4C7DC5EE7F63} = {6E98F085-D662-4598-887F-055A6A94CE5B}
		{719E4F42-4077-4F39-BEBB-DC3CFCF71938} = {6E98F085-D662-4598-887F-055A6A94CE5B}
		{F19951C1-4B25-4349-96E1-89F0F9347739} = {6E98F085-D662-4598-887F-055A6A94CE5B}
		{8C5F68A8-11DC-4FD3-9030-C56234ACC5E6} = {6E98F085-D662-4598-887F-055A6A94CE5B}
		{10D3795C-B0C2-4E02-8D84-D1CAEFCC3DC1} = {0F9A1C9F-DA6B-4B26-B2B4-0147A7530ED6}
	EndGlobalSection
	GlobalSection(ExtensibilityGlobals) = postSolution
		SolutionGuid = {F1D2D235-F594-403E-AEBB-143503855F67}
	EndGlobalSection
EndGlobal
